
Microsoft Visual Studio Solution File, Format Version 12.00
# Visual Studio 15
VisualStudioVersion = 15.0.28307.852
MinimumVisualStudioVersion = 10.0.40219.1
Project("{FAE04EC0-301F-11D3-BF4B-00C04F79EFBC}") = "DigitalImageProcessing", "DigitalImageProcessing\DigitalImageProcessing.csproj", "{32A09405-22AF-4C0A-B4F1-5777FE13D842}"
EndProject
Project("{FAE04EC0-301F-11D3-BF4B-00C04F79EFBC}") = "FourierTransformationTest", "FourierTransformationTest\FourierTransformationTest.csproj", "{6F56C820-7FE8-48D2-8F23-014326639FB9}"
EndProject
Global
	GlobalSection(SolutionConfigurationPlatforms) = preSolution
		Debug|Any CPU = Debug|Any CPU
		Debug|x64 = Debug|x64
		Release|Any CPU = Release|Any CPU
		Release|x64 = Release|x64
	EndGlobalSection
	GlobalSection(ProjectConfigurationPlatforms) = postSolution
		{32A09405-22AF-4C0A-B4F1-5777FE13D842}.Debug|Any CPU.ActiveCfg = Debug|Any CPU
		{32A09405-22AF-4C0A-B4F1-5777FE13D842}.Debug|Any CPU.Build.0 = Debug|Any CPU
		{32A09405-22AF-4C0A-B4F1-5777FE13D842}.Debug|x64.ActiveCfg = Debug|Any CPU
		{32A09405-22AF-4C0A-B4F1-5777FE13D842}.Debug|x64.Build.0 = Debug|Any CPU
		{32A09405-22AF-4C0A-B4F1-5777FE13D842}.Release|Any CPU.ActiveCfg = Release|Any CPU
		{32A09405-22AF-4C0A-B4F1-5777FE13D842}.Release|Any CPU.Build.0 = Release|Any CPU
		{32A09405-22AF-4C0A-B4F1-5777FE13D842}.Release|x64.ActiveCfg = Release|Any CPU
		{32A09405-22AF-4C0A-B4F1-5777FE13D842}.Release|x64.Build.0 = Release|Any CPU
		{6F56C820-7FE8-48D2-8F23-014326639FB9}.Debug|Any CPU.ActiveCfg = Debug|Any CPU
		{6F56C820-7FE8-48D2-8F23-014326639FB9}.Debug|Any CPU.Build.0 = Debug|Any CPU
		{6F56C820-7FE8-48D2-8F23-014326639FB9}.Debug|x64.ActiveCfg = Debug|Any CPU
		{6F56C820-7FE8-48D2-8F23-014326639FB9}.Debug|x64.Build.0 = Debug|Any CPU
		{6F56C820-7FE8-48D2-8F23-014326639FB9}.Release|Any CPU.ActiveCfg = Release|Any CPU
		{6F56C820-7FE8-48D2-8F23-014326639FB9}.Release|Any CPU.Build.0 = Release|Any CPU
		{6F56C820-7FE8-48D2-8F23-014326639FB9}.Release|x64.ActiveCfg = Release|Any CPU
		{6F56C820-7FE8-48D2-8F23-014326639FB9}.Release|x64.Build.0 = Release|Any CPU
	EndGlobalSection
	GlobalSection(SolutionProperties) = preSolution
		HideSolutionNode = FALSE
	EndGlobalSection
	GlobalSection(ExtensibilityGlobals) = postSolution
		SolutionGuid = {3241BB18-0866-438F-A96B-3A244665D45D}
	EndGlobalSection
EndGlobal
